lockfileVersion: 5.3

specifiers:
  '@types/lodash-es': ^4.17.6
  lodash-es: ^4.17.21
  prettier: ^2.5.1
  typescript: ^4.7.0-dev.20220223

dependencies:
  lodash-es: 4.17.21

devDependencies:
  '@types/lodash-es': 4.17.6
  prettier: 2.5.1
  typescript: 4.7.0-dev.20220223

packages:

  /@types/lodash-es/4.17.6:
    resolution: {integrity: sha512-R+zTeVUKDdfoRxpAryaQNRKk3105Rrgx2CFRClIgRGaqDTdjsm8h6IYA8ir584W3ePzkZfst5xIgDwYrlh9HLg==}
    dependencies:
      '@types/lodash': 4.14.178
    dev: true

  /@types/lodash/4.14.178:
    resolution: {integrity: sha512-0d5Wd09ItQWH1qFbEyQ7oTQ3GZrMfth5JkbN3EvTKLXcHLRDSXeLnlvlOn0wvxVIwK5o2M8JzP/OWz7T3NRsbw==}
    dev: true

  /lodash-es/4.17.21:
    resolution: {integrity: sha512-mKnC+QJ9pWVzv+C4/U3rRsHapFfHvQFoFB92e52xeyGMcX6/OlIl78je1u8vePzYZSkkogMPJ2yjxxsb89cxyw==}
    dev: false

  /prettier/2.5.1:
    resolution: {integrity: sha512-vBZcPRUR5MZJwoyi3ZoyQlc1rXeEck8KgeC9AwwOn+exuxLxq5toTRDTSaVrXHxelDMHy9zlicw8u66yxoSUFg==}
    engines: {node: '>=10.13.0'}
    hasBin: true
    dev: true

  /typescript/4.7.0-dev.20220223:
    resolution: {integrity: sha512-KVrNtXf8TXH5UTOLBo+z95Z5f4J6j6Sv3geGS2td2SRMmlpiWx0AtoeBJEAk5QcnzHkojwfSZnh7xx0gDYu8lg==}
    engines: {node: '>=4.2.0'}
    hasBin: true
    dev: true
